
Microsoft Visual Studio Solution File, Format Version 12.00
# Visual Studio Version 17
VisualStudioVersion = 17.8.34511.84
MinimumVisualStudioVersion = 10.0.40219.1
Project("{FAE04EC0-301F-11D3-BF4B-00C04F79EFBC}") = "music_api", "music-api\music_api.csproj", "{8EAF4854-45C1-4EA8-BF9C-88A93ED2D7E3}"
EndProject
Global
	GlobalSection(SolutionConfigurationPlatforms) = preSolution
		Debug|Any CPU = Debug|Any CPU
		Release|Any CPU = Release|Any CPU
	EndGlobalSection
	GlobalSection(ProjectConfigurationPlatforms) = postSolution
		{8EAF4854-45C1-4EA8-BF9C-88A93ED2D7E3}.Debug|Any CPU.ActiveCfg = Debug|Any CPU
		{8EAF4854-45C1-4EA8-BF9C-88A93ED2D7E3}.Debug|Any CPU.Build.0 = Debug|Any CPU
		{8EAF4854-45C1-4EA8-BF9C-88A93ED2D7E3}.Release|Any CPU.ActiveCfg = Release|Any CPU
		{8EAF4854-45C1-4EA8-BF9C-88A93ED2D7E3}.Release|Any CPU.Build.0 = Release|Any CPU
	EndGlobalSection
	GlobalSection(SolutionProperties) = preSolution
		HideSolutionNode = FALSE
	EndGlobalSection
	GlobalSection(ExtensibilityGlobals) = postSolution
		SolutionGuid = {21BBCB76-E5CD-479A-8F83-3945664312F2}
	EndGlobalSection
EndGlobal
